{
  "name": "dicionario-ingles-portugues",
  "version": "1.0.0",
  "lockfileVersion": 3,
  "requires": true,
  "packages": {
    "": {
      "name": "dicionario-ingles-portugues",
      "version": "1.0.0",
      "license": "ISC",
      "dependencies": {
        "dicionario-ingles-portugues": "file:"
      }
    },
    "node_modules/dicionario-ingles-portugues": {
      "resolved": "",
      "link": true
    }
  }
}
